// !$*UTF8*$!
{
	archiveVersion = 1;
	classes = {
	};
	objectVersion = 46;
	objects = {

/* Begin PBXBuildFile section */
		3908171D1921CFCD00F4F9C9 /* OpenSans-Bold.ttf in Resources */ = {isa = PBXBuildFile; fileRef = 390817181921CFCD00F4F9C9 /* OpenSans-Bold.ttf */; };
		3908171E1921CFCD00F4F9C9 /* OpenSans-Italic.ttf in Resources */ = {isa = PBXBuildFile; fileRef = 390817191921CFCD00F4F9C9 /* OpenSans-Italic.ttf */; };
		3908171F1921CFCD00F4F9C9 /* OpenSans-Light.ttf in Resources */ = {isa = PBXBuildFile; fileRef = 3908171A1921CFCD00F4F9C9 /* OpenSans-Light.ttf */; };
		390817201921CFCD00F4F9C9 /* OpenSans-Regular.ttf in Resources */ = {isa = PBXBuildFile; fileRef = 3908171B1921CFCD00F4F9C9 /* OpenSans-Regular.ttf */; };
		390817211921CFCD00F4F9C9 /* OpenSans-Semibold.ttf in Resources */ = {isa = PBXBuildFile; fileRef = 3908171C1921CFCD00F4F9C9 /* OpenSans-Semibold.ttf */; };
		391021841924767700F2A9DE /* PTAlert.m in Sources */ = {isa = PBXBuildFile; fileRef = 391021831924767700F2A9DE /* PTAlert.m */; };
		393F61171930264F008B1FEC /* MusicService.m in Sources */ = {isa = PBXBuildFile; fileRef = 393F61161930264F008B1FEC /* MusicService.m */; };
		3987E4CC191F118400F52B3B /* Foundation.framework in Frameworks */ = {isa = PBXBuildFile; fileRef = 3987E4CB191F118400F52B3B /* Foundation.framework */; };
		3987E4CE191F118400F52B3B /* CoreGraphics.framework in Frameworks */ = {isa = PBXBuildFile; fileRef = 3987E4CD191F118400F52B3B /* CoreGraphics.framework */; };
		3987E4D0191F118400F52B3B /* UIKit.framework in Frameworks */ = {isa = PBXBuildFile; fileRef = 3987E4CF191F118400F52B3B /* UIKit.framework */; };
		3987E4EB191F118400F52B3B /* XCTest.framework in Frameworks */ = {isa = PBXBuildFile; fileRef = 3987E4EA191F118400F52B3B /* XCTest.framework */; };
		3987E4EC191F118400F52B3B /* Foundation.framework in Frameworks */ = {isa = PBXBuildFile; fileRef = 3987E4CB191F118400F52B3B /* Foundation.framework */; };
		3987E4ED191F118400F52B3B /* UIKit.framework in Frameworks */ = {isa = PBXBuildFile; fileRef = 3987E4CF191F118400F52B3B /* UIKit.framework */; };
		3987E4F5191F118400F52B3B /* InfoPlist.strings in Resources */ = {isa = PBXBuildFile; fileRef = 3987E4F3191F118400F52B3B /* InfoPlist.strings */; };
		3987E4F7191F118400F52B3B /* StreamrTests.m in Sources */ = {isa = PBXBuildFile; fileRef = 3987E4F6191F118400F52B3B /* StreamrTests.m */; };
		3987E504191F11EB00F52B3B /* MediaAccessibility.framework in Frameworks */ = {isa = PBXBuildFile; fileRef = 3987E500191F11EB00F52B3B /* MediaAccessibility.framework */; };
		3987E505191F11EB00F52B3B /* MediaPlayer.framework in Frameworks */ = {isa = PBXBuildFile; fileRef = 3987E501191F11EB00F52B3B /* MediaPlayer.framework */; };
		3987E506191F11EB00F52B3B /* MediaToolbox.framework in Frameworks */ = {isa = PBXBuildFile; fileRef = 3987E502191F11EB00F52B3B /* MediaToolbox.framework */; };
		3987E507191F11EB00F52B3B /* MultipeerConnectivity.framework in Frameworks */ = {isa = PBXBuildFile; fileRef = 3987E503191F11EB00F52B3B /* MultipeerConnectivity.framework */; };
		3987E520191F14D000F52B3B /* stream_background.png in Resources */ = {isa = PBXBuildFile; fileRef = 3987E50F191F14D000F52B3B /* stream_background.png */; };
		3987E522191F14D000F52B3B /* InfoPlist.strings in Resources */ = {isa = PBXBuildFile; fileRef = 3987E513191F14D000F52B3B /* InfoPlist.strings */; };
		3987E523191F14D000F52B3B /* Images.xcassets in Resources */ = {isa = PBXBuildFile; fileRef = 3987E515191F14D000F52B3B /* Images.xcassets */; };
		3987E524191F14D000F52B3B /* main.m in Sources */ = {isa = PBXBuildFile; fileRef = 3987E516191F14D000F52B3B /* main.m */; };
		3987E526191F14D000F52B3B /* AppDelegate.m in Sources */ = {isa = PBXBuildFile; fileRef = 3987E51B191F14D000F52B3B /* AppDelegate.m */; };
		3987E52C191F162D00F52B3B /* DiscoverViewController.m in Sources */ = {isa = PBXBuildFile; fileRef = 3987E52B191F162D00F52B3B /* DiscoverViewController.m */; };
		3987E52F191F164900F52B3B /* DiscoverCell.m in Sources */ = {isa = PBXBuildFile; fileRef = 3987E52E191F164900F52B3B /* DiscoverCell.m */; };
		3987E535191F1A2900F52B3B /* MainViewController.m in Sources */ = {isa = PBXBuildFile; fileRef = 3987E534191F1A2900F52B3B /* MainViewController.m */; };
		3987E536191F1C7900F52B3B /* Main.storyboard in Resources */ = {isa = PBXBuildFile; fileRef = 3987E510191F14D000F52B3B /* Main.storyboard */; };
		3987E537191F1C8300F52B3B /* Lisnin-Prefix.pch in Resources */ = {isa = PBXBuildFile; fileRef = 3987E518191F14D000F52B3B /* Lisnin-Prefix.pch */; };
		3987E53A191F255D00F52B3B /* SharedQuery.m in Sources */ = {isa = PBXBuildFile; fileRef = 3987E539191F255D00F52B3B /* SharedQuery.m */; };
		399E91241931088600BBBAD9 /* PTSerializer.m in Sources */ = {isa = PBXBuildFile; fileRef = 399E91231931088600BBBAD9 /* PTSerializer.m */; };
		39A037BE19246E34000A3CBF /* PTSessionHandler.m in Sources */ = {isa = PBXBuildFile; fileRef = 39A037BC19246E34000A3CBF /* PTSessionHandler.m */; };
		39B089BE1929A581002A373D /* menu_background.jpg in Resources */ = {isa = PBXBuildFile; fileRef = 39B089BD1929A581002A373D /* menu_background.jpg */; };
		39B255E019233245007CC3A5 /* AVFoundation.framework in Frameworks */ = {isa = PBXBuildFile; fileRef = 39B255DF19233245007CC3A5 /* AVFoundation.framework */; };
		39C44F231929292900779FD0 /* PTDefines.m in Sources */ = {isa = PBXBuildFile; fileRef = 39C44F221929292900779FD0 /* PTDefines.m */; };
		39C44F251929457C00779FD0 /* drawerButton.png in Resources */ = {isa = PBXBuildFile; fileRef = 39C44F241929457C00779FD0 /* drawerButton.png */; };
		39CF39931929AD480001B919 /* default_album_art.png in Resources */ = {isa = PBXBuildFile; fileRef = 39CF39921929AD480001B919 /* default_album_art.png */; };
		39CF3997192AE8AB0001B919 /* SettingsViewController.m in Sources */ = {isa = PBXBuildFile; fileRef = 39CF3996192AE8AB0001B919 /* SettingsViewController.m */; };
		39CF399A192AEF890001B919 /* PTContext.m in Sources */ = {isa = PBXBuildFile; fileRef = 39CF3999192AEF890001B919 /* PTContext.m */; };
		39CF399E192D774A0001B919 /* background_1.jpg in Resources */ = {isa = PBXBuildFile; fileRef = 39CF399D192D774A0001B919 /* background_1.jpg */; };
		39CF39A1192D7AAD0001B919 /* GLKit.framework in Frameworks */ = {isa = PBXBuildFile; fileRef = 39CF399F192D7AAD0001B919 /* GLKit.framework */; };
		39CF39A2192D7AAD0001B919 /* OpenGLES.framework in Frameworks */ = {isa = PBXBuildFile; fileRef = 39CF39A0192D7AAD0001B919 /* OpenGLES.framework */; };
		39CF39A4192D7AB70001B919 /* QuartzCore.framework in Frameworks */ = {isa = PBXBuildFile; fileRef = 39CF39A3192D7AB70001B919 /* QuartzCore.framework */; };
		39CF39A8192D84A90001B919 /* CircularProgressView.m in Sources */ = {isa = PBXBuildFile; fileRef = 39CF39A7192D84A90001B919 /* CircularProgressView.m */; };
		39CF39AD192DAC0C0001B919 /* Forward.png in Resources */ = {isa = PBXBuildFile; fileRef = 39CF39AA192DAC0C0001B919 /* Forward.png */; };
		39CF39AE192DAC0C0001B919 /* Previous.png in Resources */ = {isa = PBXBuildFile; fileRef = 39CF39AB192DAC0C0001B919 /* Previous.png */; };
		39CF39AF192DAC0C0001B919 /* StartButton.png in Resources */ = {isa = PBXBuildFile; fileRef = 39CF39AC192DAC0C0001B919 /* StartButton.png */; };
		39CF39B1192DAF470001B919 /* Pause.png in Resources */ = {isa = PBXBuildFile; fileRef = 39CF39B0192DAF470001B919 /* Pause.png */; };
		39CF39B3192DB65E0001B919 /* duomo.png in Resources */ = {isa = PBXBuildFile; fileRef = 39CF39B2192DB65E0001B919 /* duomo.png */; };
		39CF39B5192DBFF80001B919 /* plus_icon_white.png in Resources */ = {isa = PBXBuildFile; fileRef = 39CF39B4192DBFF80001B919 /* plus_icon_white.png */; };
		39CF39B7192DC1AE0001B919 /* wifiIcon.png in Resources */ = {isa = PBXBuildFile; fileRef = 39CF39B6192DC1AE0001B919 /* wifiIcon.png */; };
		39CF39B9192DC3220001B919 /* disabledWifiIcon.png in Resources */ = {isa = PBXBuildFile; fileRef = 39CF39B8192DC3220001B919 /* disabledWifiIcon.png */; };
		B79BAB26E08249E7B01C83FA /* libPods.a in Frameworks */ = {isa = PBXBuildFile; fileRef = 380311D495CE46F1B9A527E4 /* libPods.a */; };
/* End PBXBuildFile section */

/* Begin PBXContainerItemProxy section */
		3987E4EE191F118400F52B3B /* PBXContainerItemProxy */ = {
			isa = PBXContainerItemProxy;
			containerPortal = 3987E4C0191F118400F52B3B /* Project object */;
			proxyType = 1;
			remoteGlobalIDString = 3987E4C7191F118400F52B3B;
			remoteInfo = Streamr;
		};
/* End PBXContainerItemProxy section */

/* Begin PBXFileReference section */
		380311D495CE46F1B9A527E4 /* libPods.a */ = {isa = PBXFileReference; explicitFileType = archive.ar; includeInIndex = 0; path = libPods.a; sourceTree = BUILT_PRODUCTS_DIR; };
		3816BE3C107C4C5BA601B752 /* Pods.xcconfig */ = {isa = PBXFileReference; includeInIndex = 1; lastKnownFileType = text.xcconfig; name = Pods.xcconfig; path = Pods/Pods.xcconfig; sourceTree = "<group>"; };
		390817181921CFCD00F4F9C9 /* OpenSans-Bold.ttf */ = {isa = PBXFileReference; lastKnownFileType = file; path = "OpenSans-Bold.ttf"; sourceTree = "<group>"; };
		390817191921CFCD00F4F9C9 /* OpenSans-Italic.ttf */ = {isa = PBXFileReference; lastKnownFileType = file; path = "OpenSans-Italic.ttf"; sourceTree = "<group>"; };
		3908171A1921CFCD00F4F9C9 /* OpenSans-Light.ttf */ = {isa = PBXFileReference; lastKnownFileType = file; path = "OpenSans-Light.ttf"; sourceTree = "<group>"; };
		3908171B1921CFCD00F4F9C9 /* OpenSans-Regular.ttf */ = {isa = PBXFileReference; lastKnownFileType = file; path = "OpenSans-Regular.ttf"; sourceTree = "<group>"; };
		3908171C1921CFCD00F4F9C9 /* OpenSans-Semibold.ttf */ = {isa = PBXFileReference; lastKnownFileType = file; path = "OpenSans-Semibold.ttf"; sourceTree = "<group>"; };
		391021821924767700F2A9DE /* PTAlert.h */ = {isa = PBXFileReference; fileEncoding = 4; lastKnownFileType = sourcecode.c.h; path = PTAlert.h; sourceTree = "<group>"; };
		391021831924767700F2A9DE /* PTAlert.m */ = {isa = PBXFileReference; fileEncoding = 4; lastKnownFileType = sourcecode.c.objc; path = PTAlert.m; sourceTree = "<group>"; };
		393F61151930264F008B1FEC /* MusicService.h */ = {isa = PBXFileReference; fileEncoding = 4; lastKnownFileType = sourcecode.c.h; path = MusicService.h; sourceTree = "<group>"; };
		393F61161930264F008B1FEC /* MusicService.m */ = {isa = PBXFileReference; fileEncoding = 4; lastKnownFileType = sourcecode.c.objc; path = MusicService.m; sourceTree = "<group>"; };
		3987E4C8191F118400F52B3B /* Lisnin.app */ = {isa = PBXFileReference; explicitFileType = wrapper.application; includeInIndex = 0; path = Lisnin.app; sourceTree = BUILT_PRODUCTS_DIR; };
		3987E4CB191F118400F52B3B /* Foundation.framework */ = {isa = PBXFileReference; lastKnownFileType = wrapper.framework; name = Foundation.framework; path = System/Library/Frameworks/Foundation.framework; sourceTree = SDKROOT; };
		3987E4CD191F118400F52B3B /* CoreGraphics.framework */ = {isa = PBXFileReference; lastKnownFileType = wrapper.framework; name = CoreGraphics.framework; path = System/Library/Frameworks/CoreGraphics.framework; sourceTree = SDKROOT; };
		3987E4CF191F118400F52B3B /* UIKit.framework */ = {isa = PBXFileReference; lastKnownFileType = wrapper.framework; name = UIKit.framework; path = System/Library/Frameworks/UIKit.framework; sourceTree = SDKROOT; };
		3987E4E9191F118400F52B3B /* LisninTests.xctest */ = {isa = PBXFileReference; explicitFileType = wrapper.cfbundle; includeInIndex = 0; path = LisninTests.xctest; sourceTree = BUILT_PRODUCTS_DIR; };
		3987E4EA191F118400F52B3B /* XCTest.framework */ = {isa = PBXFileReference; lastKnownFileType = wrapper.framework; name = XCTest.framework; path = Library/Frameworks/XCTest.framework; sourceTree = DEVELOPER_DIR; };
		3987E4F2191F118400F52B3B /* SpoutTests-Info.plist */ = {isa = PBXFileReference; lastKnownFileType = text.plist.xml; path = "SpoutTests-Info.plist"; sourceTree = "<group>"; };
		3987E4F4191F118400F52B3B /* en */ = {isa = PBXFileReference; lastKnownFileType = text.plist.strings; name = en; path = en.lproj/InfoPlist.strings; sourceTree = "<group>"; };
		3987E4F6191F118400F52B3B /* StreamrTests.m */ = {isa = PBXFileReference; lastKnownFileType = sourcecode.c.objc; path = StreamrTests.m; sourceTree = "<group>"; };
		3987E500191F11EB00F52B3B /* MediaAccessibility.framework */ = {isa = PBXFileReference; lastKnownFileType = wrapper.framework; name = MediaAccessibility.framework; path = System/Library/Frameworks/MediaAccessibility.framework; sourceTree = SDKROOT; };
		3987E501191F11EB00F52B3B /* MediaPlayer.framework */ = {isa = PBXFileReference; lastKnownFileType = wrapper.framework; name = MediaPlayer.framework; path = System/Library/Frameworks/MediaPlayer.framework; sourceTree = SDKROOT; };
		3987E502191F11EB00F52B3B /* MediaToolbox.framework */ = {isa = PBXFileReference; lastKnownFileType = wrapper.framework; name = MediaToolbox.framework; path = System/Library/Frameworks/MediaToolbox.framework; sourceTree = SDKROOT; };
		3987E503191F11EB00F52B3B /* MultipeerConnectivity.framework */ = {isa = PBXFileReference; lastKnownFileType = wrapper.framework; name = MultipeerConnectivity.framework; path = System/Library/Frameworks/MultipeerConnectivity.framework; sourceTree = SDKROOT; };
		3987E50F191F14D000F52B3B /* stream_background.png */ = {isa = PBXFileReference; lastKnownFileType = image.png; path = stream_background.png; sourceTree = "<group>"; };
		3987E511191F14D000F52B3B /* Base */ = {isa = PBXFileReference; lastKnownFileType = file.storyboard; name = Base; path = Base.lproj/Main.storyboard; sourceTree = "<group>"; };
		3987E514191F14D000F52B3B /* en */ = {isa = PBXFileReference; lastKnownFileType = text.plist.strings; name = en; path = en.lproj/InfoPlist.strings; sourceTree = "<group>"; };
		3987E515191F14D000F52B3B /* Images.xcassets */ = {isa = PBXFileReference; lastKnownFileType = folder.assetcatalog; path = Images.xcassets; sourceTree = "<group>"; };
		3987E516191F14D000F52B3B /* main.m */ = {isa = PBXFileReference; fileEncoding = 4; lastKnownFileType = sourcecode.c.objc; path = main.m; sourceTree = "<group>"; };
		3987E517191F14D000F52B3B /* Lisnin-Info.plist */ = {isa = PBXFileReference; fileEncoding = 4; lastKnownFileType = text.plist.xml; path = "Lisnin-Info.plist"; sourceTree = "<group>"; };
		3987E518191F14D000F52B3B /* Lisnin-Prefix.pch */ = {isa = PBXFileReference; fileEncoding = 4; lastKnownFileType = sourcecode.c.h; path = "Lisnin-Prefix.pch"; sourceTree = "<group>"; };
		3987E51A191F14D000F52B3B /* AppDelegate.h */ = {isa = PBXFileReference; fileEncoding = 4; lastKnownFileType = sourcecode.c.h; path = AppDelegate.h; sourceTree = "<group>"; };
		3987E51B191F14D000F52B3B /* AppDelegate.m */ = {isa = PBXFileReference; fileEncoding = 4; lastKnownFileType = sourcecode.c.objc; path = AppDelegate.m; sourceTree = "<group>"; };
		3987E52A191F162D00F52B3B /* DiscoverViewController.h */ = {isa = PBXFileReference; fileEncoding = 4; lastKnownFileType = sourcecode.c.h; path = DiscoverViewController.h; sourceTree = "<group>"; };
		3987E52B191F162D00F52B3B /* DiscoverViewController.m */ = {isa = PBXFileReference; fileEncoding = 4; lastKnownFileType = sourcecode.c.objc; path = DiscoverViewController.m; sourceTree = "<group>"; };
		3987E52D191F164900F52B3B /* DiscoverCell.h */ = {isa = PBXFileReference; fileEncoding = 4; lastKnownFileType = sourcecode.c.h; path = DiscoverCell.h; sourceTree = "<group>"; };
		3987E52E191F164900F52B3B /* DiscoverCell.m */ = {isa = PBXFileReference; fileEncoding = 4; lastKnownFileType = sourcecode.c.objc; path = DiscoverCell.m; sourceTree = "<group>"; };
		3987E533191F1A2900F52B3B /* MainViewController.h */ = {isa = PBXFileReference; fileEncoding = 4; lastKnownFileType = sourcecode.c.h; name = MainViewController.h; path = Play/MainViewController.h; sourceTree = "<group>"; };
		3987E534191F1A2900F52B3B /* MainViewController.m */ = {isa = PBXFileReference; fileEncoding = 4; lastKnownFileType = sourcecode.c.objc; name = MainViewController.m; path = Play/MainViewController.m; sourceTree = "<group>"; };
		3987E538191F255D00F52B3B /* SharedQuery.h */ = {isa = PBXFileReference; fileEncoding = 4; lastKnownFileType = sourcecode.c.h; path = SharedQuery.h; sourceTree = "<group>"; };
		3987E539191F255D00F52B3B /* SharedQuery.m */ = {isa = PBXFileReference; fileEncoding = 4; lastKnownFileType = sourcecode.c.objc; path = SharedQuery.m; sourceTree = "<group>"; };
		399E91221931088600BBBAD9 /* PTSerializer.h */ = {isa = PBXFileReference; fileEncoding = 4; lastKnownFileType = sourcecode.c.h; path = PTSerializer.h; sourceTree = "<group>"; };
		399E91231931088600BBBAD9 /* PTSerializer.m */ = {isa = PBXFileReference; fileEncoding = 4; lastKnownFileType = sourcecode.c.objc; path = PTSerializer.m; sourceTree = "<group>"; };
		39A037BB19246E34000A3CBF /* PTSessionHandler.h */ = {isa = PBXFileReference; fileEncoding = 4; lastKnownFileType = sourcecode.c.h; name = PTSessionHandler.h; path = /Users/danrwhitcomb/Documents/Lisnin/Lisnin/Networking/PTSessionHandler.h; sourceTree = "<absolute>"; };
		39A037BC19246E34000A3CBF /* PTSessionHandler.m */ = {isa = PBXFileReference; fileEncoding = 4; lastKnownFileType = sourcecode.c.objc; path = PTSessionHandler.m; sourceTree = "<group>"; };
		39B089BD1929A581002A373D /* menu_background.jpg */ = {isa = PBXFileReference; lastKnownFileType = image.jpeg; path = menu_background.jpg; sourceTree = "<group>"; };
		39B255DF19233245007CC3A5 /* AVFoundation.framework */ = {isa = PBXFileReference; lastKnownFileType = wrapper.framework; name = AVFoundation.framework; path = System/Library/Frameworks/AVFoundation.framework; sourceTree = SDKROOT; };
		39C44F211929292900779FD0 /* PTDefines.h */ = {isa = PBXFileReference; fileEncoding = 4; lastKnownFileType = sourcecode.c.h; path = PTDefines.h; sourceTree = "<group>"; };
		39C44F221929292900779FD0 /* PTDefines.m */ = {isa = PBXFileReference; fileEncoding = 4; lastKnownFileType = sourcecode.c.objc; path = PTDefines.m; sourceTree = "<group>"; };
		39C44F241929457C00779FD0 /* drawerButton.png */ = {isa = PBXFileReference; lastKnownFileType = image.png; path = drawerButton.png; sourceTree = "<group>"; };
		39CF39921929AD480001B919 /* default_album_art.png */ = {isa = PBXFileReference; lastKnownFileType = image.png; path = default_album_art.png; sourceTree = "<group>"; };
		39CF3995192AE8AB0001B919 /* SettingsViewController.h */ = {isa = PBXFileReference; fileEncoding = 4; lastKnownFileType = sourcecode.c.h; name = SettingsViewController.h; path = Settings/SettingsViewController.h; sourceTree = "<group>"; };
		39CF3996192AE8AB0001B919 /* SettingsViewController.m */ = {isa = PBXFileReference; fileEncoding = 4; lastKnownFileType = sourcecode.c.objc; name = SettingsViewController.m; path = Settings/SettingsViewController.m; sourceTree = "<group>"; };
		39CF3998192AEF890001B919 /* PTContext.h */ = {isa = PBXFileReference; fileEncoding = 4; lastKnownFileType = sourcecode.c.h; path = PTContext.h; sourceTree = "<group>"; };
		39CF3999192AEF890001B919 /* PTContext.m */ = {isa = PBXFileReference; fileEncoding = 4; lastKnownFileType = sourcecode.c.objc; path = PTContext.m; sourceTree = "<group>"; };
		39CF399D192D774A0001B919 /* background_1.jpg */ = {isa = PBXFileReference; lastKnownFileType = image.jpeg; path = background_1.jpg; sourceTree = "<group>"; };
		39CF399F192D7AAD0001B919 /* GLKit.framework */ = {isa = PBXFileReference; lastKnownFileType = wrapper.framework; name = GLKit.framework; path = System/Library/Frameworks/GLKit.framework; sourceTree = SDKROOT; };
		39CF39A0192D7AAD0001B919 /* OpenGLES.framework */ = {isa = PBXFileReference; lastKnownFileType = wrapper.framework; name = OpenGLES.framework; path = System/Library/Frameworks/OpenGLES.framework; sourceTree = SDKROOT; };
		39CF39A3192D7AB70001B919 /* QuartzCore.framework */ = {isa = PBXFileReference; lastKnownFileType = wrapper.framework; name = QuartzCore.framework; path = System/Library/Frameworks/QuartzCore.framework; sourceTree = SDKROOT; };
		39CF39A6192D84A90001B919 /* CircularProgressView.h */ = {isa = PBXFileReference; fileEncoding = 4; lastKnownFileType = sourcecode.c.h; name = CircularProgressView.h; path = Lisnin/ViewControllers/Views/CircularProgressView.h; sourceTree = SOURCE_ROOT; };
		39CF39A7192D84A90001B919 /* CircularProgressView.m */ = {isa = PBXFileReference; fileEncoding = 4; lastKnownFileType = sourcecode.c.objc; name = CircularProgressView.m; path = Lisnin/ViewControllers/Views/CircularProgressView.m; sourceTree = SOURCE_ROOT; };
		39CF39AA192DAC0C0001B919 /* Forward.png */ = {isa = PBXFileReference; lastKnownFileType = image.png; path = Forward.png; sourceTree = "<group>"; };
		39CF39AB192DAC0C0001B919 /* Previous.png */ = {isa = PBXFileReference; lastKnownFileType = image.png; path = Previous.png; sourceTree = "<group>"; };
		39CF39AC192DAC0C0001B919 /* StartButton.png */ = {isa = PBXFileReference; lastKnownFileType = image.png; path = StartButton.png; sourceTree = "<group>"; };
		39CF39B0192DAF470001B919 /* Pause.png */ = {isa = PBXFileReference; lastKnownFileType = image.png; path = Pause.png; sourceTree = "<group>"; };
		39CF39B2192DB65E0001B919 /* duomo.png */ = {isa = PBXFileReference; lastKnownFileType = image.png; path = duomo.png; sourceTree = "<group>"; };
		39CF39B4192DBFF80001B919 /* plus_icon_white.png */ = {isa = PBXFileReference; lastKnownFileType = image.png; path = plus_icon_white.png; sourceTree = "<group>"; };
		39CF39B6192DC1AE0001B919 /* wifiIcon.png */ = {isa = PBXFileReference; lastKnownFileType = image.png; path = wifiIcon.png; sourceTree = "<group>"; };
		39CF39B8192DC3220001B919 /* disabledWifiIcon.png */ = {isa = PBXFileReference; lastKnownFileType = image.png; path = disabledWifiIcon.png; sourceTree = "<group>"; };
/* End PBXFileReference section */

/* Begin PBXFrameworksBuildPhase section */
		3987E4C5191F118400F52B3B /* Frameworks */ = {
			isa = PBXFrameworksBuildPhase;
			buildActionMask = 2147483647;
			files = (
				39CF39A4192D7AB70001B919 /* QuartzCore.framework in Frameworks */,
				39CF39A1192D7AAD0001B919 /* GLKit.framework in Frameworks */,
				39CF39A2192D7AAD0001B919 /* OpenGLES.framework in Frameworks */,
				39B255E019233245007CC3A5 /* AVFoundation.framework in Frameworks */,
				3987E504191F11EB00F52B3B /* MediaAccessibility.framework in Frameworks */,
				3987E505191F11EB00F52B3B /* MediaPlayer.framework in Frameworks */,
				3987E506191F11EB00F52B3B /* MediaToolbox.framework in Frameworks */,
				3987E507191F11EB00F52B3B /* MultipeerConnectivity.framework in Frameworks */,
				3987E4CE191F118400F52B3B /* CoreGraphics.framework in Frameworks */,
				3987E4D0191F118400F52B3B /* UIKit.framework in Frameworks */,
				3987E4CC191F118400F52B3B /* Foundation.framework in Frameworks */,
				B79BAB26E08249E7B01C83FA /* libPods.a in Frameworks */,
			);
			runOnlyForDeploymentPostprocessing = 0;
		};
		3987E4E6191F118400F52B3B /* Frameworks */ = {
			isa = PBXFrameworksBuildPhase;
			buildActionMask = 2147483647;
			files = (
				3987E4EB191F118400F52B3B /* XCTest.framework in Frameworks */,
				3987E4ED191F118400F52B3B /* UIKit.framework in Frameworks */,
				3987E4EC191F118400F52B3B /* Foundation.framework in Frameworks */,
			);
			runOnlyForDeploymentPostprocessing = 0;
		};
/* End PBXFrameworksBuildPhase section */

/* Begin PBXGroup section */
		390817171921CFCD00F4F9C9 /* Fonts */ = {
			isa = PBXGroup;
			children = (
				390817181921CFCD00F4F9C9 /* OpenSans-Bold.ttf */,
				390817191921CFCD00F4F9C9 /* OpenSans-Italic.ttf */,
				3908171A1921CFCD00F4F9C9 /* OpenSans-Light.ttf */,
				3908171B1921CFCD00F4F9C9 /* OpenSans-Regular.ttf */,
				3908171C1921CFCD00F4F9C9 /* OpenSans-Semibold.ttf */,
			);
			path = Fonts;
			sourceTree = "<group>";
		};
		391021811924767700F2A9DE /* Common */ = {
			isa = PBXGroup;
			children = (
				391021821924767700F2A9DE /* PTAlert.h */,
				391021831924767700F2A9DE /* PTAlert.m */,
				39C44F211929292900779FD0 /* PTDefines.h */,
				39C44F221929292900779FD0 /* PTDefines.m */,
			);
			path = Common;
			sourceTree = "<group>";
		};
		3987E4BF191F118400F52B3B = {
			isa = PBXGroup;
			children = (
				3987E50C191F14D000F52B3B /* Lisnin */,
				3987E4F0191F118400F52B3B /* PathosTests */,
				3987E4CA191F118400F52B3B /* Frameworks */,
				3987E4C9191F118400F52B3B /* Products */,
				3816BE3C107C4C5BA601B752 /* Pods.xcconfig */,
			);
			sourceTree = "<group>";
		};
		3987E4C9191F118400F52B3B /* Products */ = {
			isa = PBXGroup;
			children = (
				3987E4C8191F118400F52B3B /* Lisnin.app */,
				3987E4E9191F118400F52B3B /* LisninTests.xctest */,
			);
			name = Products;
			sourceTree = "<group>";
		};
		3987E4CA191F118400F52B3B /* Frameworks */ = {
			isa = PBXGroup;
			children = (
				39CF39A3192D7AB70001B919 /* QuartzCore.framework */,
				39CF399F192D7AAD0001B919 /* GLKit.framework */,
				39CF39A0192D7AAD0001B919 /* OpenGLES.framework */,
				39B255DF19233245007CC3A5 /* AVFoundation.framework */,
				3987E500191F11EB00F52B3B /* MediaAccessibility.framework */,
				3987E501191F11EB00F52B3B /* MediaPlayer.framework */,
				3987E502191F11EB00F52B3B /* MediaToolbox.framework */,
				3987E503191F11EB00F52B3B /* MultipeerConnectivity.framework */,
				3987E4CB191F118400F52B3B /* Foundation.framework */,
				3987E4CD191F118400F52B3B /* CoreGraphics.framework */,
				3987E4CF191F118400F52B3B /* UIKit.framework */,
				3987E4EA191F118400F52B3B /* XCTest.framework */,
				380311D495CE46F1B9A527E4 /* libPods.a */,
			);
			name = Frameworks;
			sourceTree = "<group>";
		};
		3987E4F0191F118400F52B3B /* PathosTests */ = {
			isa = PBXGroup;
			children = (
				3987E4F6191F118400F52B3B /* StreamrTests.m */,
				3987E4F1191F118400F52B3B /* Supporting Files */,
			);
			name = PathosTests;
			path = StreamrTests;
			sourceTree = "<group>";
		};
		3987E4F1191F118400F52B3B /* Supporting Files */ = {
			isa = PBXGroup;
			children = (
				3987E4F2191F118400F52B3B /* SpoutTests-Info.plist */,
				3987E4F3191F118400F52B3B /* InfoPlist.strings */,
			);
			name = "Supporting Files";
			sourceTree = "<group>";
		};
		3987E50C191F14D000F52B3B /* Lisnin */ = {
			isa = PBXGroup;
			children = (
				391021811924767700F2A9DE /* Common */,
				3987E510191F14D000F52B3B /* Main.storyboard */,
				3987E50D191F14D000F52B3B /* Assets */,
				3987E512191F14D000F52B3B /* Config */,
				3987E519191F14D000F52B3B /* Logic */,
				3987E51C191F14D000F52B3B /* Networking */,
				3987E51D191F14D000F52B3B /* ViewControllers */,
			);
			path = Lisnin;
			sourceTree = "<group>";
		};
		3987E50D191F14D000F52B3B /* Assets */ = {
			isa = PBXGroup;
			children = (
				39CF39B8192DC3220001B919 /* disabledWifiIcon.png */,
				39CF39B6192DC1AE0001B919 /* wifiIcon.png */,
				39CF39B4192DBFF80001B919 /* plus_icon_white.png */,
				39CF39A9192DAC000001B919 /* Player */,
				39CF399D192D774A0001B919 /* background_1.jpg */,
				39CF39921929AD480001B919 /* default_album_art.png */,
				39B089BD1929A581002A373D /* menu_background.jpg */,
				39C44F241929457C00779FD0 /* drawerButton.png */,
				390817171921CFCD00F4F9C9 /* Fonts */,
				3987E50E191F14D000F52B3B /* Stream */,
			);
			path = Assets;
			sourceTree = "<group>";
		};
		3987E50E191F14D000F52B3B /* Stream */ = {
			isa = PBXGroup;
			children = (
				3987E50F191F14D000F52B3B /* stream_background.png */,
			);
			path = Stream;
			sourceTree = "<group>";
		};
		3987E512191F14D000F52B3B /* Config */ = {
			isa = PBXGroup;
			children = (
				3987E513191F14D000F52B3B /* InfoPlist.strings */,
				3987E515191F14D000F52B3B /* Images.xcassets */,
				3987E516191F14D000F52B3B /* main.m */,
				3987E517191F14D000F52B3B /* Lisnin-Info.plist */,
				3987E518191F14D000F52B3B /* Lisnin-Prefix.pch */,
			);
			path = Config;
			sourceTree = "<group>";
		};
		3987E519191F14D000F52B3B /* Logic */ = {
			isa = PBXGroup;
			children = (
				3987E51A191F14D000F52B3B /* AppDelegate.h */,
				3987E51B191F14D000F52B3B /* AppDelegate.m */,
				3987E538191F255D00F52B3B /* SharedQuery.h */,
				3987E539191F255D00F52B3B /* SharedQuery.m */,
				39CF3998192AEF890001B919 /* PTContext.h */,
				39CF3999192AEF890001B919 /* PTContext.m */,
				393F61151930264F008B1FEC /* MusicService.h */,
				393F61161930264F008B1FEC /* MusicService.m */,
			);
			path = Logic;
			sourceTree = "<group>";
		};
		3987E51C191F14D000F52B3B /* Networking */ = {
			isa = PBXGroup;
			children = (
				39A037BB19246E34000A3CBF /* PTSessionHandler.h */,
				39A037BC19246E34000A3CBF /* PTSessionHandler.m */,
				399E91221931088600BBBAD9 /* PTSerializer.h */,
				399E91231931088600BBBAD9 /* PTSerializer.m */,
			);
			path = Networking;
			sourceTree = "<group>";
		};
		3987E51D191F14D000F52B3B /* ViewControllers */ = {
			isa = PBXGroup;
			children = (
				39CF39A5192D84530001B919 /* Views */,
				3987E533191F1A2900F52B3B /* MainViewController.h */,
				3987E534191F1A2900F52B3B /* MainViewController.m */,
				39CF3994192AE8880001B919 /* Settings */,
				3987E51E191F14D000F52B3B /* Play */,
				3987E51F191F14D000F52B3B /* Stream */,
			);
			path = ViewControllers;
			sourceTree = "<group>";
		};
		3987E51E191F14D000F52B3B /* Play */ = {
			isa = PBXGroup;
			children = (
			);
			path = Play;
			sourceTree = "<group>";
		};
		3987E51F191F14D000F52B3B /* Stream */ = {
			isa = PBXGroup;
			children = (
				3987E52A191F162D00F52B3B /* DiscoverViewController.h */,
				3987E52B191F162D00F52B3B /* DiscoverViewController.m */,
				3987E52D191F164900F52B3B /* DiscoverCell.h */,
				3987E52E191F164900F52B3B /* DiscoverCell.m */,
			);
			path = Stream;
			sourceTree = "<group>";
		};
		39CF3994192AE8880001B919 /* Settings */ = {
			isa = PBXGroup;
			children = (
				39CF3995192AE8AB0001B919 /* SettingsViewController.h */,
				39CF3996192AE8AB0001B919 /* SettingsViewController.m */,
			);
			name = Settings;
			sourceTree = "<group>";
		};
		39CF39A5192D84530001B919 /* Views */ = {
			isa = PBXGroup;
			children = (
				39CF39A6192D84A90001B919 /* CircularProgressView.h */,
				39CF39A7192D84A90001B919 /* CircularProgressView.m */,
			);
			path = Views;
			sourceTree = "<group>";
		};
		39CF39A9192DAC000001B919 /* Player */ = {
			isa = PBXGroup;
			children = (
				39CF39B2192DB65E0001B919 /* duomo.png */,
				39CF39B0192DAF470001B919 /* Pause.png */,
				39CF39AA192DAC0C0001B919 /* Forward.png */,
				39CF39AB192DAC0C0001B919 /* Previous.png */,
				39CF39AC192DAC0C0001B919 /* StartButton.png */,
			);
			name = Player;
			sourceTree = "<group>";
		};
/* End PBXGroup section */

/* Begin PBXNativeTarget section */
		3987E4C7191F118400F52B3B /* Lisnin */ = {
			isa = PBXNativeTarget;
			buildConfigurationList = 3987E4FA191F118400F52B3B /* Build configuration list for PBXNativeTarget "Lisnin" */;
			buildPhases = (
				1786FB4776814479BB836B99 /* Check Pods Manifest.lock */,
				3987E4C4191F118400F52B3B /* Sources */,
				3987E4C5191F118400F52B3B /* Frameworks */,
				3987E4C6191F118400F52B3B /* Resources */,
				398BABB01921CDF600D4DEBD /* ShellScript */,
				B45C829AF7C34215AB644E38 /* Copy Pods Resources */,
			);
			buildRules = (
			);
			dependencies = (
			);
			name = Lisnin;
			productName = Streamr;
			productReference = 3987E4C8191F118400F52B3B /* Lisnin.app */;
			productType = "com.apple.product-type.application";
		};
		3987E4E8191F118400F52B3B /* LisninTests */ = {
			isa = PBXNativeTarget;
			buildConfigurationList = 3987E4FD191F118400F52B3B /* Build configuration list for PBXNativeTarget "LisninTests" */;
			buildPhases = (
				3987E4E5191F118400F52B3B /* Sources */,
				3987E4E6191F118400F52B3B /* Frameworks */,
				3987E4E7191F118400F52B3B /* Resources */,
			);
			buildRules = (
			);
			dependencies = (
				3987E4EF191F118400F52B3B /* PBXTargetDependency */,
			);
			name = LisninTests;
			productName = StreamrTests;
			productReference = 3987E4E9191F118400F52B3B /* LisninTests.xctest */;
			productType = "com.apple.product-type.bundle.unit-test";
		};
/* End PBXNativeTarget section */

/* Begin PBXProject section */
		3987E4C0191F118400F52B3B /* Project object */ = {
			isa = PBXProject;
			attributes = {
				LastUpgradeCheck = 0510;
				ORGANIZATIONNAME = Pathos;
				TargetAttributes = {
					3987E4C7191F118400F52B3B = {
						DevelopmentTeam = 3WRYG3RFA7;
						SystemCapabilities = {
							com.apple.BackgroundModes = {
								enabled = 1;
							};
						};
					};
					3987E4E8191F118400F52B3B = {
						TestTargetID = 3987E4C7191F118400F52B3B;
					};
				};
			};
			buildConfigurationList = 3987E4C3191F118400F52B3B /* Build configuration list for PBXProject "Lisnin" */;
			compatibilityVersion = "Xcode 3.2";
			developmentRegion = English;
			hasScannedForEncodings = 0;
			knownRegions = (
				en,
				Base,
			);
			mainGroup = 3987E4BF191F118400F52B3B;
			productRefGroup = 3987E4C9191F118400F52B3B /* Products */;
			projectDirPath = "";
			projectRoot = "";
			targets = (
				3987E4C7191F118400F52B3B /* Lisnin */,
				3987E4E8191F118400F52B3B /* LisninTests */,
			);
		};
/* End PBXProject section */

/* Begin PBXResourcesBuildPhase section */
		3987E4C6191F118400F52B3B /* Resources */ = {
			isa = PBXResourcesBuildPhase;
			buildActionMask = 2147483647;
			files = (
				3987E537191F1C8300F52B3B /* Lisnin-Prefix.pch in Resources */,
				3987E536191F1C7900F52B3B /* Main.storyboard in Resources */,
				39CF39931929AD480001B919 /* default_album_art.png in Resources */,
				3908171F1921CFCD00F4F9C9 /* OpenSans-Light.ttf in Resources */,
				3908171D1921CFCD00F4F9C9 /* OpenSans-Bold.ttf in Resources */,
				390817211921CFCD00F4F9C9 /* OpenSans-Semibold.ttf in Resources */,
				3987E520191F14D000F52B3B /* stream_background.png in Resources */,
				39CF39B3192DB65E0001B919 /* duomo.png in Resources */,
				39CF39B7192DC1AE0001B919 /* wifiIcon.png in Resources */,
				39CF39AF192DAC0C0001B919 /* StartButton.png in Resources */,
				39CF399E192D774A0001B919 /* background_1.jpg in Resources */,
				39B089BE1929A581002A373D /* menu_background.jpg in Resources */,
				3987E523191F14D000F52B3B /* Images.xcassets in Resources */,
				3987E522191F14D000F52B3B /* InfoPlist.strings in Resources */,
				39CF39B1192DAF470001B919 /* Pause.png in Resources */,
				390817201921CFCD00F4F9C9 /* OpenSans-Regular.ttf in Resources */,
				39CF39AE192DAC0C0001B919 /* Previous.png in Resources */,
				3908171E1921CFCD00F4F9C9 /* OpenSans-Italic.ttf in Resources */,
				39C44F251929457C00779FD0 /* drawerButton.png in Resources */,
				39CF39B5192DBFF80001B919 /* plus_icon_white.png in Resources */,
				39CF39AD192DAC0C0001B919 /* Forward.png in Resources */,
				39CF39B9192DC3220001B919 /* disabledWifiIcon.png in Resources */,
			);
			runOnlyForDeploymentPostprocessing = 0;
		};
		3987E4E7191F118400F52B3B /* Resources */ = {
			isa = PBXResourcesBuildPhase;
			buildActionMask = 2147483647;
			files = (
				3987E4F5191F118400F52B3B /* InfoPlist.strings in Resources */,
			);
			runOnlyForDeploymentPostprocessing = 0;
		};
/* End PBXResourcesBuildPhase section */

/* Begin PBXShellScriptBuildPhase section */
		1786FB4776814479BB836B99 /* Check Pods Manifest.lock */ = {
			isa = PBXShellScriptBuildPhase;
			buildActionMask = 2147483647;
			files = (
			);
			inputPaths = (
			);
			name = "Check Pods Manifest.lock";
			outputPaths = (
			);
			runOnlyForDeploymentPostprocessing = 0;
			shellPath = /bin/sh;
			shellScript = "diff \"${PODS_ROOT}/../Podfile.lock\" \"${PODS_ROOT}/Manifest.lock\" > /dev/null\nif [[ $? != 0 ]] ; then\n    cat << EOM\nerror: The sandbox is not in sync with the Podfile.lock. Run 'pod install' or update your CocoaPods installation.\nEOM\n    exit 1\nfi\n";
			showEnvVarsInLog = 0;
		};
		398BABB01921CDF600D4DEBD /* ShellScript */ = {
			isa = PBXShellScriptBuildPhase;
			buildActionMask = 2147483647;
			files = (
			);
			inputPaths = (
			);
			outputPaths = (
			);
			runOnlyForDeploymentPostprocessing = 0;
			shellPath = /bin/sh;
			shellScript = "mdfind -onlyin \"${SRCROOT}\" \"kMDItemContentTypeTree == public.font\" -0 | sort -z | xargs -0 /usr/local/bin/moarfonts install";
		};
		B45C829AF7C34215AB644E38 /* Copy Pods Resources */ = {
			isa = PBXShellScriptBuildPhase;
			buildActionMask = 2147483647;
			files = (
			);
			inputPaths = (
			);
			name = "Copy Pods Resources";
			outputPaths = (
			);
			runOnlyForDeploymentPostprocessing = 0;
			shellPath = /bin/sh;
			shellScript = "\"${SRCROOT}/Pods/Pods-resources.sh\"\n";
			showEnvVarsInLog = 0;
		};
/* End PBXShellScriptBuildPhase section */

/* Begin PBXSourcesBuildPhase section */
		3987E4C4191F118400F52B3B /* Sources */ = {
			isa = PBXSourcesBuildPhase;
			buildActionMask = 2147483647;
			files = (
				39C44F231929292900779FD0 /* PTDefines.m in Sources */,
				3987E526191F14D000F52B3B /* AppDelegate.m in Sources */,
				3987E52F191F164900F52B3B /* DiscoverCell.m in Sources */,
				39CF3997192AE8AB0001B919 /* SettingsViewController.m in Sources */,
				39CF399A192AEF890001B919 /* PTContext.m in Sources */,
				39A037BE19246E34000A3CBF /* PTSessionHandler.m in Sources */,
				3987E52C191F162D00F52B3B /* DiscoverViewController.m in Sources */,
				393F61171930264F008B1FEC /* MusicService.m in Sources */,
				399E91241931088600BBBAD9 /* PTSerializer.m in Sources */,
				39CF39A8192D84A90001B919 /* CircularProgressView.m in Sources */,
				3987E53A191F255D00F52B3B /* SharedQuery.m in Sources */,
				391021841924767700F2A9DE /* PTAlert.m in Sources */,
				3987E535191F1A2900F52B3B /* MainViewController.m in Sources */,
				3987E524191F14D000F52B3B /* main.m in Sources */,
			);
			runOnlyForDeploymentPostprocessing = 0;
		};
		3987E4E5191F118400F52B3B /* Sources */ = {
			isa = PBXSourcesBuildPhase;
			buildActionMask = 2147483647;
			files = (
				3987E4F7191F118400F52B3B /* StreamrTests.m in Sources */,
			);
			runOnlyForDeploymentPostprocessing = 0;
		};
/* End PBXSourcesBuildPhase section */

/* Begin PBXTargetDependency section */
		3987E4EF191F118400F52B3B /* PBXTargetDependency */ = {
			isa = PBXTargetDependency;
			target = 3987E4C7191F118400F52B3B /* Lisnin */;
			targetProxy = 3987E4EE191F118400F52B3B /* PBXContainerItemProxy */;
		};
/* End PBXTargetDependency section */

/* Begin PBXVariantGroup section */
		3987E4F3191F118400F52B3B /* InfoPlist.strings */ = {
			isa = PBXVariantGroup;
			children = (
				3987E4F4191F118400F52B3B /* en */,
			);
			name = InfoPlist.strings;
			sourceTree = "<group>";
		};
		3987E510191F14D000F52B3B /* Main.storyboard */ = {
			isa = PBXVariantGroup;
			children = (
				3987E511191F14D000F52B3B /* Base */,
			);
			name = Main.storyboard;
			sourceTree = "<group>";
		};
		3987E513191F14D000F52B3B /* InfoPlist.strings */ = {
			isa = PBXVariantGroup;
			children = (
				3987E514191F14D000F52B3B /* en */,
			);
			name = InfoPlist.strings;
			sourceTree = "<group>";
		};
/* End PBXVariantGroup section */

/* Begin XCBuildConfiguration section */
		3987E4F8191F118400F52B3B /* Debug */ = {
			isa = XCBuildConfiguration;
			buildSettings = {
				ALWAYS_SEARCH_USER_PATHS = NO;
				CLANG_CXX_LANGUAGE_STANDARD = "gnu++0x";
				CLANG_CXX_LIBRARY = "libc++";
				CLANG_ENABLE_MODULES = YES;
				CLANG_ENABLE_OBJC_ARC = YES;
				CLANG_WARN_BOOL_CONVERSION = YES;
				CLANG_WARN_CONSTANT_CONVERSION = YES;
				CLANG_WARN_DIRECT_OBJC_ISA_USAGE = YES_ERROR;
				CLANG_WARN_EMPTY_BODY = YES;
				CLANG_WARN_ENUM_CONVERSION = YES;
				CLANG_WARN_INT_CONVERSION = YES;
				CLANG_WARN_OBJC_ROOT_CLASS = YES_ERROR;
				CLANG_WARN__DUPLICATE_METHOD_MATCH = YES;
				"CODE_SIGN_IDENTITY[sdk=iphoneos*]" = "iPhone Developer";
				COPY_PHASE_STRIP = NO;
				GCC_C_LANGUAGE_STANDARD = gnu99;
				GCC_DYNAMIC_NO_PIC = NO;
				GCC_OPTIMIZATION_LEVEL = 0;
				GCC_PREPROCESSOR_DEFINITIONS = (
					"DEBUG=1",
					"$(inherited)",
				);
				GCC_SYMBOLS_PRIVATE_EXTERN = NO;
				GCC_WARN_64_TO_32_BIT_CONVERSION = YES;
				GCC_WARN_ABOUT_RETURN_TYPE = YES_ERROR;
				GCC_WARN_UNDECLARED_SELECTOR = YES;
				GCC_WARN_UNINITIALIZED_AUTOS = YES;
				GCC_WARN_UNUSED_FUNCTION = YES;
				GCC_WARN_UNUSED_VARIABLE = YES;
				INFOPLIST_FILE = Lisnin/Config/Lisnin.plist;
				IPHONEOS_DEPLOYMENT_TARGET = 7.0;
				ONLY_ACTIVE_ARCH = YES;
				SDKROOT = iphoneos;
			};
			name = Debug;
		};
		3987E4F9191F118400F52B3B /* Release */ = {
			isa = XCBuildConfiguration;
			buildSettings = {
				ALWAYS_SEARCH_USER_PATHS = NO;
				CLANG_CXX_LANGUAGE_STANDARD = "gnu++0x";
				CLANG_CXX_LIBRARY = "libc++";
				CLANG_ENABLE_MODULES = YES;
				CLANG_ENABLE_OBJC_ARC = YES;
				CLANG_WARN_BOOL_CONVERSION = YES;
				CLANG_WARN_CONSTANT_CONVERSION = YES;
				CLANG_WARN_DIRECT_OBJC_ISA_USAGE = YES_ERROR;
				CLANG_WARN_EMPTY_BODY = YES;
				CLANG_WARN_ENUM_CONVERSION = YES;
				CLANG_WARN_INT_CONVERSION = YES;
				CLANG_WARN_OBJC_ROOT_CLASS = YES_ERROR;
				CLANG_WARN__DUPLICATE_METHOD_MATCH = YES;
				CODE_SIGN_IDENTITY = "iPhone Distribution: Daniel Whitcomb (3WRYG3RFA7)";
				"CODE_SIGN_IDENTITY[sdk=iphoneos*]" = "iPhone Distribution: Daniel Whitcomb (3WRYG3RFA7)";
				COPY_PHASE_STRIP = YES;
				ENABLE_NS_ASSERTIONS = NO;
				GCC_C_LANGUAGE_STANDARD = gnu99;
				GCC_WARN_64_TO_32_BIT_CONVERSION = YES;
				GCC_WARN_ABOUT_RETURN_TYPE = YES_ERROR;
				GCC_WARN_UNDECLARED_SELECTOR = YES;
				GCC_WARN_UNINITIALIZED_AUTOS = YES;
				GCC_WARN_UNUSED_FUNCTION = YES;
				GCC_WARN_UNUSED_VARIABLE = YES;
				INFOPLIST_FILE = Lisnin/Config/Lisnin.plist;
				IPHONEOS_DEPLOYMENT_TARGET = 7.0;
				SDKROOT = iphoneos;
				VALIDATE_PRODUCT = YES;
			};
			name = Release;
		};
		3987E4FB191F118400F52B3B /* Debug */ = {
			isa = XCBuildConfiguration;
			baseConfigurationReference = 3816BE3C107C4C5BA601B752 /* Pods.xcconfig */;
			buildSettings = {
				ASSETCATALOG_COMPILER_APPICON_NAME = AppIcon;
				ASSETCATALOG_COMPILER_LAUNCHIMAGE_NAME = LaunchImage;
				CODE_SIGN_IDENTITY = "iPhone Developer";
				"CODE_SIGN_IDENTITY[sdk=iphoneos*]" = "iPhone Developer";
				GCC_PRECOMPILE_PREFIX_HEADER = YES;
				GCC_PREFIX_HEADER = "Lisnin/Config/Lisnin-Prefix.pch";
				INFOPLIST_FILE = "Lisnin/Config/Lisnin-Info.plist";
				PRODUCT_NAME = Lisnin;
				PROVISIONING_PROFILE = "";
				WRAPPER_EXTENSION = app;
			};
			name = Debug;
		};
		3987E4FC191F118400F52B3B /* Release */ = {
			isa = XCBuildConfiguration;
			baseConfigurationReference = 3816BE3C107C4C5BA601B752 /* Pods.xcconfig */;
			buildSettings = {
				ASSETCATALOG_COMPILER_APPICON_NAME = AppIcon;
				ASSETCATALOG_COMPILER_LAUNCHIMAGE_NAME = LaunchImage;
				CODE_SIGN_IDENTITY = "iPhone Developer";
				"CODE_SIGN_IDENTITY[sdk=iphoneos*]" = "iPhone Developer";
				GCC_PRECOMPILE_PREFIX_HEADER = YES;
				GCC_PREFIX_HEADER = "Lisnin/Config/Lisnin-Prefix.pch";
				INFOPLIST_FILE = "Lisnin/Config/Lisnin-Info.plist";
				PRODUCT_NAME = Lisnin;
				PROVISIONING_PROFILE = "";
				WRAPPER_EXTENSION = app;
			};
			name = Release;
		};
		3987E4FE191F118400F52B3B /* Debug */ = {
			isa = XCBuildConfiguration;
			buildSettings = {
				BUNDLE_LOADER = "$(BUILT_PRODUCTS_DIR)/Streamr.app/Streamr";
				FRAMEWORK_SEARCH_PATHS = (
					"$(SDKROOT)/Developer/Library/Frameworks",
					"$(inherited)",
					"$(DEVELOPER_FRAMEWORKS_DIR)",
				);
				GCC_PRECOMPILE_PREFIX_HEADER = YES;
				GCC_PREFIX_HEADER = "Streamr/Streamr-Prefix.pch";
				GCC_PREPROCESSOR_DEFINITIONS = (
					"DEBUG=1",
					"$(inherited)",
				);
				INFOPLIST_FILE = "StreamrTests/SpoutTests-Info.plist";
				PRODUCT_NAME = LisninTests;
				TEST_HOST = "$(BUNDLE_LOADER)";
				WRAPPER_EXTENSION = xctest;
			};
			name = Debug;
		};
		3987E4FF191F118400F52B3B /* Release */ = {
			isa = XCBuildConfiguration;
			buildSettings = {
				BUNDLE_LOADER = "$(BUILT_PRODUCTS_DIR)/Streamr.app/Streamr";
				FRAMEWORK_SEARCH_PATHS = (
					"$(SDKROOT)/Developer/Library/Frameworks",
					"$(inherited)",
					"$(DEVELOPER_FRAMEWORKS_DIR)",
				);
				GCC_PRECOMPILE_PREFIX_HEADER = YES;
				GCC_PREFIX_HEADER = "Streamr/Streamr-Prefix.pch";
				INFOPLIST_FILE = "StreamrTests/SpoutTests-Info.plist";
				PRODUCT_NAME = LisninTests;
				TEST_HOST = "$(BUNDLE_LOADER)";
				WRAPPER_EXTENSION = xctest;
			};
			name = Release;
		};
/* End XCBuildConfiguration section */

/* Begin XCConfigurationList section */
		3987E4C3191F118400F52B3B /* Build configuration list for PBXProject "Lisnin" */ = {
			isa = XCConfigurationList;
			buildConfigurations = (
				3987E4F8191F118400F52B3B /* Debug */,
				3987E4F9191F118400F52B3B /* Release */,
			);
			defaultConfigurationIsVisible = 0;
			defaultConfigurationName = Release;
		};
		3987E4FA191F118400F52B3B /* Build configuration list for PBXNativeTarget "Lisnin" */ = {
			isa = XCConfigurationList;
			buildConfigurations = (
				3987E4FB191F118400F52B3B /* Debug */,
				3987E4FC191F118400F52B3B /* Release */,
			);
			defaultConfigurationIsVisible = 0;
			defaultConfigurationName = Release;
		};
		3987E4FD191F118400F52B3B /* Build configuration list for PBXNativeTarget "LisninTests" */ = {
			isa = XCConfigurationList;
			buildConfigurations = (
				3987E4FE191F118400F52B3B /* Debug */,
				3987E4FF191F118400F52B3B /* Release */,
			);
			defaultConfigurationIsVisible = 0;
			defaultConfigurationName = Release;
		};
/* End XCConfigurationList section */
	};
	rootObject = 3987E4C0191F118400F52B3B /* Project object */;
}
